
Microsoft Visual Studio Solution File, Format Version 12.00
# Visual Studio Version 16
VisualStudioVersion = 16.0.30114.105
MinimumVisualStudioVersion = 10.0.40219.1
Project("{778DAE3C-4631-46EA-AA77-85C1314464D9}") = "QP.Compatibility", "QP.Compatibility\QP.Compatibility.vbproj", "{8374BA11-6993-402B-B96F-9D997DBF381F}"
EndProject
Project("{F184B08F-C81C-45F6-A57F-5ABD9991F28F}") = "ConsoleTester", "ConsoleTester\ConsoleTester.vbproj", "{59D026C7-ABB2-4465-A25F-C2C3D9F15CDD}"
EndProject
Project("{778DAE3C-4631-46EA-AA77-85C1314464D9}") = "QB.Compatibility", "..\QB.Compatibility\QB.Compatibility\QB.Compatibility.vbproj", "{C37C7653-4506-4444-A802-AD0D7E401104}"
EndProject
Global
	GlobalSection(SolutionConfigurationPlatforms) = preSolution
		Debug|Any CPU = Debug|Any CPU
		Release|Any CPU = Release|Any CPU
	EndGlobalSection
	GlobalSection(ProjectConfigurationPlatforms) = postSolution
		{8374BA11-6993-402B-B96F-9D997DBF381F}.Debug|Any CPU.ActiveCfg = Debug|Any CPU
		{8374BA11-6993-402B-B96F-9D997DBF381F}.Debug|Any CPU.Build.0 = Debug|Any CPU
		{8374BA11-6993-402B-B96F-9D997DBF381F}.Release|Any CPU.ActiveCfg = Release|Any CPU
		{8374BA11-6993-402B-B96F-9D997DBF381F}.Release|Any CPU.Build.0 = Release|Any CPU
		{59D026C7-ABB2-4465-A25F-C2C3D9F15CDD}.Debug|Any CPU.ActiveCfg = Debug|Any CPU
		{59D026C7-ABB2-4465-A25F-C2C3D9F15CDD}.Debug|Any CPU.Build.0 = Debug|Any CPU
		{59D026C7-ABB2-4465-A25F-C2C3D9F15CDD}.Release|Any CPU.ActiveCfg = Release|Any CPU
		{59D026C7-ABB2-4465-A25F-C2C3D9F15CDD}.Release|Any CPU.Build.0 = Release|Any CPU
		{C37C7653-4506-4444-A802-AD0D7E401104}.Debug|Any CPU.ActiveCfg = Debug|Any CPU
		{C37C7653-4506-4444-A802-AD0D7E401104}.Debug|Any CPU.Build.0 = Debug|Any CPU
		{C37C7653-4506-4444-A802-AD0D7E401104}.Release|Any CPU.ActiveCfg = Release|Any CPU
		{C37C7653-4506-4444-A802-AD0D7E401104}.Release|Any CPU.Build.0 = Release|Any CPU
	EndGlobalSection
	GlobalSection(SolutionProperties) = preSolution
		HideSolutionNode = FALSE
	EndGlobalSection
	GlobalSection(ExtensibilityGlobals) = postSolution
		SolutionGuid = {C912237A-29AB-495E-8342-6ED313C41944}
	EndGlobalSection
EndGlobal
